// !$*UTF8*$!
{
	archiveVersion = 1;
	classes = {
	};
	objectVersion = 51;
	objects = {

/* Begin PBXBuildFile section */
		373EA9DE24DCC29B00A2F236 /* Image.swift in Sources */ = {isa = PBXBuildFile; fileRef = 373EA9DD24DCC29B00A2F236 /* Image.swift */; };
		3744774F24DB969200D90286 /* Breed.swift in Sources */ = {isa = PBXBuildFile; fileRef = 3744774E24DB969200D90286 /* Breed.swift */; };
		3748872724D75B52003A2F4C /* AppDelegate.swift in Sources */ = {isa = PBXBuildFile; fileRef = 3748872624D75B52003A2F4C /* AppDelegate.swift */; };
		3748872924D75B52003A2F4C /* SceneDelegate.swift in Sources */ = {isa = PBXBuildFile; fileRef = 3748872824D75B52003A2F4C /* SceneDelegate.swift */; };
		3748873024D75B54003A2F4C /* Assets.xcassets in Resources */ = {isa = PBXBuildFile; fileRef = 3748872F24D75B54003A2F4C /* Assets.xcassets */; };
		3748873324D75B54003A2F4C /* LaunchScreen.storyboard in Resources */ = {isa = PBXBuildFile; fileRef = 3748873124D75B54003A2F4C /* LaunchScreen.storyboard */; };
		37A84D6B24E20FE70006AF73 /* Colors.swift in Sources */ = {isa = PBXBuildFile; fileRef = 37A84D6A24E20FE70006AF73 /* Colors.swift */; };
		37A84D7024E213300006AF73 /* UIColor+Boilerplate.swift in Sources */ = {isa = PBXBuildFile; fileRef = 37A84D6E24E212EE0006AF73 /* UIColor+Boilerplate.swift */; };
		37A84D7524E222620006AF73 /* UINavigationController+CustomAppearence.swift in Sources */ = {isa = PBXBuildFile; fileRef = 37A84D7424E222620006AF73 /* UINavigationController+CustomAppearence.swift */; };
		37C2308824E09A4400D82388 /* BreedsCollectionViewController.swift in Sources */ = {isa = PBXBuildFile; fileRef = 37C2308724E09A4400D82388 /* BreedsCollectionViewController.swift */; };
		37C2308C24E09C5600D82388 /* BreedCollectionViewCell.swift in Sources */ = {isa = PBXBuildFile; fileRef = 37C2308B24E09C5600D82388 /* BreedCollectionViewCell.swift */; };
		37C2308F24E09F0C00D82388 /* UIImage+SetImage.swift in Sources */ = {isa = PBXBuildFile; fileRef = 37C2308E24E09F0C00D82388 /* UIImage+SetImage.swift */; };
		37FE93A524E873E40075F99E /* BreedDetailView.swift in Sources */ = {isa = PBXBuildFile; fileRef = 37FE93A424E873E40075F99E /* BreedDetailView.swift */; };
		37FE93A924E8754C0075F99E /* BreedDetailViewController.swift in Sources */ = {isa = PBXBuildFile; fileRef = 37FE93A824E8754C0075F99E /* BreedDetailViewController.swift */; };
		37FE93AF24E896180075F99E /* NSMutableAttributedString+Boilerplate.swift in Sources */ = {isa = PBXBuildFile; fileRef = 37FE93AE24E896180075F99E /* NSMutableAttributedString+Boilerplate.swift */; };
		384B4D70261CFE1300D4C5A5 /* ViewCodable.swift in Sources */ = {isa = PBXBuildFile; fileRef = 384B4D6F261CFE1300D4C5A5 /* ViewCodable.swift */; };
		384B4D74261D695C00D4C5A5 /* Identifier.swift in Sources */ = {isa = PBXBuildFile; fileRef = 384B4D73261D695C00D4C5A5 /* Identifier.swift */; };
		384B4D75261D695C00D4C5A5 /* Identifier.swift in Sources */ = {isa = PBXBuildFile; fileRef = 384B4D73261D695C00D4C5A5 /* Identifier.swift */; };
		384B4D7A261E0F6C00D4C5A5 /* BreedCollectionViewCellSpec.swift in Sources */ = {isa = PBXBuildFile; fileRef = 384B4D78261E0F6C00D4C5A5 /* BreedCollectionViewCellSpec.swift */; };
		384B4E0A261E674D00D4C5A5 /* Image+Stub.swift in Sources */ = {isa = PBXBuildFile; fileRef = 384B4E09261E674D00D4C5A5 /* Image+Stub.swift */; };
		384B4E0E261E6E7C00D4C5A5 /* Breed+Stub.swift in Sources */ = {isa = PBXBuildFile; fileRef = 384B4E0D261E6E7C00D4C5A5 /* Breed+Stub.swift */; };
		384B4E12261E736200D4C5A5 /* AssetHelper.swift in Sources */ = {isa = PBXBuildFile; fileRef = 384B4E11261E736200D4C5A5 /* AssetHelper.swift */; };
		384B4E1A261EB3CF00D4C5A5 /* Assets.xcassets in Resources */ = {isa = PBXBuildFile; fileRef = 384B4E19261EB3CF00D4C5A5 /* Assets.xcassets */; };
		384B4E26261F895D00D4C5A5 /* BreedDetailLabel.swift in Sources */ = {isa = PBXBuildFile; fileRef = 384B4E25261F895D00D4C5A5 /* BreedDetailLabel.swift */; };
		384B4E2A261FC59500D4C5A5 /* BreedDetailViewSpec.swift in Sources */ = {isa = PBXBuildFile; fileRef = 384B4E29261FC59400D4C5A5 /* BreedDetailViewSpec.swift */; };
		384B4E342620A2B300D4C5A5 /* ServiceProtocol.swift in Sources */ = {isa = PBXBuildFile; fileRef = 384B4E332620A2B300D4C5A5 /* ServiceProtocol.swift */; };
		384B4E392620A57000D4C5A5 /* ImageService.swift in Sources */ = {isa = PBXBuildFile; fileRef = 384B4E382620A57000D4C5A5 /* ImageService.swift */; };
		384B4E3D2620D47100D4C5A5 /* NetworkManager.swift in Sources */ = {isa = PBXBuildFile; fileRef = 384B4E3C2620D47100D4C5A5 /* NetworkManager.swift */; };
		9CAD976A9C216850ADEEAC9A /* Pods_Breeds.framework in Frameworks */ = {isa = PBXBuildFile; fileRef = A3AAEAAEF2625C26EC5DDF9C /* Pods_Breeds.framework */; };
		E1753C4775685DBCE28AEFDD /* Pods_BreedsTests.framework in Frameworks */ = {isa = PBXBuildFile; fileRef = 665C4262D8A3C905403DE60D /* Pods_BreedsTests.framework */; };
/* End PBXBuildFile section */

/* Begin PBXContainerItemProxy section */
		384B4D542616616400D4C5A5 /* PBXContainerItemProxy */ = {
			isa = PBXContainerItemProxy;
			containerPortal = 3748871B24D75B52003A2F4C /* Project object */;
			proxyType = 1;
			remoteGlobalIDString = 3748872224D75B52003A2F4C;
			remoteInfo = Breeds;
		};
/* End PBXContainerItemProxy section */

/* Begin PBXFileReference section */
		0A533B598E3E91E2149C6EA3 /* Pods-BreedsTests.debug.xcconfig */ = {isa = PBXFileReference; includeInIndex = 1; lastKnownFileType = text.xcconfig; name = "Pods-BreedsTests.debug.xcconfig"; path = "Target Support Files/Pods-BreedsTests/Pods-BreedsTests.debug.xcconfig"; sourceTree = "<group>"; };
		373EA9DD24DCC29B00A2F236 /* Image.swift */ = {isa = PBXFileReference; lastKnownFileType = sourcecode.swift; path = Image.swift; sourceTree = "<group>"; };
		3744774E24DB969200D90286 /* Breed.swift */ = {isa = PBXFileReference; lastKnownFileType = sourcecode.swift; path = Breed.swift; sourceTree = "<group>"; };
		3748872324D75B52003A2F4C /* Breeds.app */ = {isa = PBXFileReference; explicitFileType = wrapper.application; includeInIndex = 0; path = Breeds.app; sourceTree = BUILT_PRODUCTS_DIR; };
		3748872624D75B52003A2F4C /* AppDelegate.swift */ = {isa = PBXFileReference; lastKnownFileType = sourcecode.swift; path = AppDelegate.swift; sourceTree = "<group>"; };
		3748872824D75B52003A2F4C /* SceneDelegate.swift */ = {isa = PBXFileReference; lastKnownFileType = sourcecode.swift; path = SceneDelegate.swift; sourceTree = "<group>"; };
		3748872F24D75B54003A2F4C /* Assets.xcassets */ = {isa = PBXFileReference; lastKnownFileType = folder.assetcatalog; path = Assets.xcassets; sourceTree = "<group>"; };
		3748873224D75B54003A2F4C /* Base */ = {isa = PBXFileReference; lastKnownFileType = file.storyboard; name = Base; path = Base.lproj/LaunchScreen.storyboard; sourceTree = "<group>"; };
		3748873424D75B54003A2F4C /* Info.plist */ = {isa = PBXFileReference; lastKnownFileType = text.plist.xml; path = Info.plist; sourceTree = "<group>"; };
		37A84D6A24E20FE70006AF73 /* Colors.swift */ = {isa = PBXFileReference; lastKnownFileType = sourcecode.swift; path = Colors.swift; sourceTree = "<group>"; };
		37A84D6E24E212EE0006AF73 /* UIColor+Boilerplate.swift */ = {isa = PBXFileReference; lastKnownFileType = sourcecode.swift; path = "UIColor+Boilerplate.swift"; sourceTree = "<group>"; };
		37A84D7424E222620006AF73 /* UINavigationController+CustomAppearence.swift */ = {isa = PBXFileReference; lastKnownFileType = sourcecode.swift; path = "UINavigationController+CustomAppearence.swift"; sourceTree = "<group>"; };
		37C2308724E09A4400D82388 /* BreedsCollectionViewController.swift */ = {isa = PBXFileReference; lastKnownFileType = sourcecode.swift; path = BreedsCollectionViewController.swift; sourceTree = "<group>"; };
		37C2308B24E09C5600D82388 /* BreedCollectionViewCell.swift */ = {isa = PBXFileReference; lastKnownFileType = sourcecode.swift; path = BreedCollectionViewCell.swift; sourceTree = "<group>"; };
		37C2308E24E09F0C00D82388 /* UIImage+SetImage.swift */ = {isa = PBXFileReference; lastKnownFileType = sourcecode.swift; path = "UIImage+SetImage.swift"; sourceTree = "<group>"; };
		37FE93A424E873E40075F99E /* BreedDetailView.swift */ = {isa = PBXFileReference; lastKnownFileType = sourcecode.swift; path = BreedDetailView.swift; sourceTree = "<group>"; };
		37FE93A824E8754C0075F99E /* BreedDetailViewController.swift */ = {isa = PBXFileReference; lastKnownFileType = sourcecode.swift; path = BreedDetailViewController.swift; sourceTree = "<group>"; };
		37FE93AE24E896180075F99E /* NSMutableAttributedString+Boilerplate.swift */ = {isa = PBXFileReference; lastKnownFileType = sourcecode.swift; path = "NSMutableAttributedString+Boilerplate.swift"; sourceTree = "<group>"; };
		384B4D4F2616616400D4C5A5 /* BreedsTests.xctest */ = {isa = PBXFileReference; explicitFileType = wrapper.cfbundle; includeInIndex = 0; path = BreedsTests.xctest; sourceTree = BUILT_PRODUCTS_DIR; };
		384B4D532616616400D4C5A5 /* Info.plist */ = {isa = PBXFileReference; lastKnownFileType = text.plist.xml; path = Info.plist; sourceTree = "<group>"; };
		384B4D6F261CFE1300D4C5A5 /* ViewCodable.swift */ = {isa = PBXFileReference; lastKnownFileType = sourcecode.swift; path = ViewCodable.swift; sourceTree = "<group>"; };
		384B4D73261D695C00D4C5A5 /* Identifier.swift */ = {isa = PBXFileReference; lastKnownFileType = sourcecode.swift; path = Identifier.swift; sourceTree = "<group>"; };
		384B4D78261E0F6C00D4C5A5 /* BreedCollectionViewCellSpec.swift */ = {isa = PBXFileReference; lastKnownFileType = sourcecode.swift; path = BreedCollectionViewCellSpec.swift; sourceTree = "<group>"; };
		384B4E09261E674D00D4C5A5 /* Image+Stub.swift */ = {isa = PBXFileReference; lastKnownFileType = sourcecode.swift; path = "Image+Stub.swift"; sourceTree = "<group>"; };
		384B4E0D261E6E7C00D4C5A5 /* Breed+Stub.swift */ = {isa = PBXFileReference; lastKnownFileType = sourcecode.swift; path = "Breed+Stub.swift"; sourceTree = "<group>"; };
		384B4E11261E736200D4C5A5 /* AssetHelper.swift */ = {isa = PBXFileReference; lastKnownFileType = sourcecode.swift; path = AssetHelper.swift; sourceTree = "<group>"; };
		384B4E19261EB3CF00D4C5A5 /* Assets.xcassets */ = {isa = PBXFileReference; lastKnownFileType = folder.assetcatalog; path = Assets.xcassets; sourceTree = "<group>"; };
		384B4E25261F895D00D4C5A5 /* BreedDetailLabel.swift */ = {isa = PBXFileReference; lastKnownFileType = sourcecode.swift; path = BreedDetailLabel.swift; sourceTree = "<group>"; };
		384B4E29261FC59400D4C5A5 /* BreedDetailViewSpec.swift */ = {isa = PBXFileReference; lastKnownFileType = sourcecode.swift; path = BreedDetailViewSpec.swift; sourceTree = "<group>"; };
		384B4E332620A2B300D4C5A5 /* ServiceProtocol.swift */ = {isa = PBXFileReference; lastKnownFileType = sourcecode.swift; path = ServiceProtocol.swift; sourceTree = "<group>"; };
		384B4E382620A57000D4C5A5 /* ImageService.swift */ = {isa = PBXFileReference; lastKnownFileType = sourcecode.swift; path = ImageService.swift; sourceTree = "<group>"; };
		384B4E3C2620D47100D4C5A5 /* NetworkManager.swift */ = {isa = PBXFileReference; lastKnownFileType = sourcecode.swift; path = NetworkManager.swift; sourceTree = "<group>"; };
		59949F29E5B0C817D73C04E0 /* Pods-Breeds.debug.xcconfig */ = {isa = PBXFileReference; includeInIndex = 1; lastKnownFileType = text.xcconfig; name = "Pods-Breeds.debug.xcconfig"; path = "Target Support Files/Pods-Breeds/Pods-Breeds.debug.xcconfig"; sourceTree = "<group>"; };
		5B8B12FDF73FB65182CCEBFA /* Pods-BreedsTests.release.xcconfig */ = {isa = PBXFileReference; includeInIndex = 1; lastKnownFileType = text.xcconfig; name = "Pods-BreedsTests.release.xcconfig"; path = "Target Support Files/Pods-BreedsTests/Pods-BreedsTests.release.xcconfig"; sourceTree = "<group>"; };
		665C4262D8A3C905403DE60D /* Pods_BreedsTests.framework */ = {isa = PBXFileReference; explicitFileType = wrapper.framework; includeInIndex = 0; path = Pods_BreedsTests.framework; sourceTree = BUILT_PRODUCTS_DIR; };
		A3AAEAAEF2625C26EC5DDF9C /* Pods_Breeds.framework */ = {isa = PBXFileReference; explicitFileType = wrapper.framework; includeInIndex = 0; path = Pods_Breeds.framework; sourceTree = BUILT_PRODUCTS_DIR; };
		B5FAFF80B90A5F1589D71D7C /* Pods-Breeds.release.xcconfig */ = {isa = PBXFileReference; includeInIndex = 1; lastKnownFileType = text.xcconfig; name = "Pods-Breeds.release.xcconfig"; path = "Target Support Files/Pods-Breeds/Pods-Breeds.release.xcconfig"; sourceTree = "<group>"; };
/* End PBXFileReference section */

/* Begin PBXFrameworksBuildPhase section */
		3748872024D75B52003A2F4C /* Frameworks */ = {
			isa = PBXFrameworksBuildPhase;
			buildActionMask = 2147483647;
			files = (
				9CAD976A9C216850ADEEAC9A /* Pods_Breeds.framework in Frameworks */,
			);
			runOnlyForDeploymentPostprocessing = 0;
		};
		384B4D4C2616616400D4C5A5 /* Frameworks */ = {
			isa = PBXFrameworksBuildPhase;
			buildActionMask = 2147483647;
			files = (
				E1753C4775685DBCE28AEFDD /* Pods_BreedsTests.framework in Frameworks */,
			);
			runOnlyForDeploymentPostprocessing = 0;
		};
/* End PBXFrameworksBuildPhase section */

/* Begin PBXGroup section */
		373EA9DA24DCC1DB00A2F236 /* Model */ = {
			isa = PBXGroup;
			children = (
				3744774E24DB969200D90286 /* Breed.swift */,
				373EA9DD24DCC29B00A2F236 /* Image.swift */,
			);
			path = Model;
			sourceTree = "<group>";
		};
		3744774824DB778200D90286 /* Application */ = {
			isa = PBXGroup;
			children = (
				3748872624D75B52003A2F4C /* AppDelegate.swift */,
				3748872824D75B52003A2F4C /* SceneDelegate.swift */,
			);
			path = Application;
			sourceTree = "<group>";
		};
		3748871A24D75B52003A2F4C = {
			isa = PBXGroup;
			children = (
				3748872524D75B52003A2F4C /* Breeds */,
				384B4D502616616400D4C5A5 /* BreedsTests */,
				3748872424D75B52003A2F4C /* Products */,
				F5448412D7EA64F9D001EAD2 /* Pods */,
				F1A9D4898F81339BB3A9E097 /* Frameworks */,
			);
			sourceTree = "<group>";
		};
		3748872424D75B52003A2F4C /* Products */ = {
			isa = PBXGroup;
			children = (
				3748872324D75B52003A2F4C /* Breeds.app */,
				384B4D4F2616616400D4C5A5 /* BreedsTests.xctest */,
			);
			name = Products;
			sourceTree = "<group>";
		};
		3748872524D75B52003A2F4C /* Breeds */ = {
			isa = PBXGroup;
			children = (
				3748873424D75B54003A2F4C /* Info.plist */,
				3744774824DB778200D90286 /* Application */,
				37FE939D24E86FA30075F99E /* BreedDetail */,
				37C2308524E099E800D82388 /* BreedsCollection */,
				373EA9DA24DCC1DB00A2F236 /* Model */,
				3748873124D75B54003A2F4C /* LaunchScreen.storyboard */,
				37A84D6824E20FBC0006AF73 /* Resources */,
				37C2308D24E09E1100D82388 /* Utils */,
				384B4E372620A3E200D4C5A5 /* Network */,
			);
			path = Breeds;
			sourceTree = "<group>";
		};
		37A84D6824E20FBC0006AF73 /* Resources */ = {
			isa = PBXGroup;
			children = (
				37A84D6A24E20FE70006AF73 /* Colors.swift */,
				3748872F24D75B54003A2F4C /* Assets.xcassets */,
				384B4D73261D695C00D4C5A5 /* Identifier.swift */,
			);
			path = Resources;
			sourceTree = "<group>";
		};
		37C2308524E099E800D82388 /* BreedsCollection */ = {
			isa = PBXGroup;
			children = (
				37C2308724E09A4400D82388 /* BreedsCollectionViewController.swift */,
				37C2308B24E09C5600D82388 /* BreedCollectionViewCell.swift */,
				384B4D6F261CFE1300D4C5A5 /* ViewCodable.swift */,
			);
			path = BreedsCollection;
			sourceTree = "<group>";
		};
		37C2308D24E09E1100D82388 /* Utils */ = {
			isa = PBXGroup;
			children = (
				37FE93AE24E896180075F99E /* NSMutableAttributedString+Boilerplate.swift */,
				37A84D6E24E212EE0006AF73 /* UIColor+Boilerplate.swift */,
				37C2308E24E09F0C00D82388 /* UIImage+SetImage.swift */,
				37A84D7424E222620006AF73 /* UINavigationController+CustomAppearence.swift */,
			);
			path = Utils;
			sourceTree = "<group>";
		};
		37FE939D24E86FA30075F99E /* BreedDetail */ = {
			isa = PBXGroup;
			children = (
				37FE93A124E86FE00075F99E /* Controller */,
				37FE93A024E86FDC0075F99E /* View */,
			);
			path = BreedDetail;
			sourceTree = "<group>";
		};
		37FE93A024E86FDC0075F99E /* View */ = {
			isa = PBXGroup;
			children = (
				37FE93A424E873E40075F99E /* BreedDetailView.swift */,
				384B4E25261F895D00D4C5A5 /* BreedDetailLabel.swift */,
			);
			path = View;
			sourceTree = "<group>";
		};
		37FE93A124E86FE00075F99E /* Controller */ = {
			isa = PBXGroup;
			children = (
				37FE93A824E8754C0075F99E /* BreedDetailViewController.swift */,
			);
			path = Controller;
			sourceTree = "<group>";
		};
		384B4D502616616400D4C5A5 /* BreedsTests */ = {
			isa = PBXGroup;
			children = (
				384B4D532616616400D4C5A5 /* Info.plist */,
				384B4D78261E0F6C00D4C5A5 /* BreedCollectionViewCellSpec.swift */,
				384B4E09261E674D00D4C5A5 /* Image+Stub.swift */,
				384B4E0D261E6E7C00D4C5A5 /* Breed+Stub.swift */,
				384B4E11261E736200D4C5A5 /* AssetHelper.swift */,
				384B4E19261EB3CF00D4C5A5 /* Assets.xcassets */,
				384B4E29261FC59400D4C5A5 /* BreedDetailViewSpec.swift */,
			);
			path = BreedsTests;
			sourceTree = "<group>";
		};
		384B4E372620A3E200D4C5A5 /* Network */ = {
			isa = PBXGroup;
			children = (
				384B4E332620A2B300D4C5A5 /* ServiceProtocol.swift */,
				384B4E382620A57000D4C5A5 /* ImageService.swift */,
				384B4E3C2620D47100D4C5A5 /* NetworkManager.swift */,
			);
			path = Network;
			sourceTree = "<group>";
		};
		F1A9D4898F81339BB3A9E097 /* Frameworks */ = {
			isa = PBXGroup;
			children = (
				A3AAEAAEF2625C26EC5DDF9C /* Pods_Breeds.framework */,
				665C4262D8A3C905403DE60D /* Pods_BreedsTests.framework */,
			);
			name = Frameworks;
			sourceTree = "<group>";
		};
		F5448412D7EA64F9D001EAD2 /* Pods */ = {
			isa = PBXGroup;
			children = (
				59949F29E5B0C817D73C04E0 /* Pods-Breeds.debug.xcconfig */,
				B5FAFF80B90A5F1589D71D7C /* Pods-Breeds.release.xcconfig */,
				0A533B598E3E91E2149C6EA3 /* Pods-BreedsTests.debug.xcconfig */,
				5B8B12FDF73FB65182CCEBFA /* Pods-BreedsTests.release.xcconfig */,
			);
			path = Pods;
			sourceTree = "<group>";
		};
/* End PBXGroup section */

/* Begin PBXNativeTarget section */
		3748872224D75B52003A2F4C /* Breeds */ = {
			isa = PBXNativeTarget;
			buildConfigurationList = 3748874224D75B54003A2F4C /* Build configuration list for PBXNativeTarget "Breeds" */;
			buildPhases = (
				5ECA61E31D76B3796EF026BE /* [CP] Check Pods Manifest.lock */,
				3748871F24D75B52003A2F4C /* Sources */,
				3748872024D75B52003A2F4C /* Frameworks */,
				3748872124D75B52003A2F4C /* Resources */,
				3711A07424D8D7340072A231 /* Swift Lint */,
				012770FD11146BD9321F1326 /* [CP] Embed Pods Frameworks */,
			);
			buildRules = (
			);
			dependencies = (
			);
			name = Breeds;
			productName = Breeds;
			productReference = 3748872324D75B52003A2F4C /* Breeds.app */;
			productType = "com.apple.product-type.application";
		};
		384B4D4E2616616400D4C5A5 /* BreedsTests */ = {
			isa = PBXNativeTarget;
			buildConfigurationList = 384B4D582616616400D4C5A5 /* Build configuration list for PBXNativeTarget "BreedsTests" */;
			buildPhases = (
				EB13058E41FBEA7F102DEE9A /* [CP] Check Pods Manifest.lock */,
				384B4D4B2616616400D4C5A5 /* Sources */,
				384B4D4C2616616400D4C5A5 /* Frameworks */,
				384B4D4D2616616400D4C5A5 /* Resources */,
				8505D0FB903AD17C148C5DBB /* [CP] Embed Pods Frameworks */,
			);
			buildRules = (
			);
			dependencies = (
				384B4D552616616400D4C5A5 /* PBXTargetDependency */,
			);
			name = BreedsTests;
			productName = BreedsTests;
			productReference = 384B4D4F2616616400D4C5A5 /* BreedsTests.xctest */;
			productType = "com.apple.product-type.bundle.unit-test";
		};
/* End PBXNativeTarget section */

/* Begin PBXProject section */
		3748871B24D75B52003A2F4C /* Project object */ = {
			isa = PBXProject;
			attributes = {
				LastSwiftUpdateCheck = 1240;
				LastUpgradeCheck = 1160;
				ORGANIZATIONNAME = borges.erick;
				TargetAttributes = {
					3748872224D75B52003A2F4C = {
						CreatedOnToolsVersion = 11.6;
					};
					384B4D4E2616616400D4C5A5 = {
						CreatedOnToolsVersion = 12.4;
						TestTargetID = 3748872224D75B52003A2F4C;
					};
				};
			};
			buildConfigurationList = 3748871E24D75B52003A2F4C /* Build configuration list for PBXProject "Breeds" */;
			compatibilityVersion = "Xcode 9.3";
			developmentRegion = en;
			hasScannedForEncodings = 0;
			knownRegions = (
				en,
				Base,
			);
			mainGroup = 3748871A24D75B52003A2F4C;
			productRefGroup = 3748872424D75B52003A2F4C /* Products */;
			projectDirPath = "";
			projectRoot = "";
			targets = (
				3748872224D75B52003A2F4C /* Breeds */,
				384B4D4E2616616400D4C5A5 /* BreedsTests */,
			);
		};
/* End PBXProject section */

/* Begin PBXResourcesBuildPhase section */
		3748872124D75B52003A2F4C /* Resources */ = {
			isa = PBXResourcesBuildPhase;
			buildActionMask = 2147483647;
			files = (
				3748873324D75B54003A2F4C /* LaunchScreen.storyboard in Resources */,
				3748873024D75B54003A2F4C /* Assets.xcassets in Resources */,
			);
			runOnlyForDeploymentPostprocessing = 0;
		};
		384B4D4D2616616400D4C5A5 /* Resources */ = {
			isa = PBXResourcesBuildPhase;
			buildActionMask = 2147483647;
			files = (
				384B4E1A261EB3CF00D4C5A5 /* Assets.xcassets in Resources */,
			);
			runOnlyForDeploymentPostprocessing = 0;
		};
/* End PBXResourcesBuildPhase section */

/* Begin PBXShellScriptBuildPhase section */
		012770FD11146BD9321F1326 /* [CP] Embed Pods Frameworks */ = {
			isa = PBXShellScriptBuildPhase;
			buildActionMask = 2147483647;
			files = (
			);
			inputFileListPaths = (
				"${PODS_ROOT}/Target Support Files/Pods-Breeds/Pods-Breeds-frameworks-${CONFIGURATION}-input-files.xcfilelist",
			);
			name = "[CP] Embed Pods Frameworks";
			outputFileListPaths = (
				"${PODS_ROOT}/Target Support Files/Pods-Breeds/Pods-Breeds-frameworks-${CONFIGURATION}-output-files.xcfilelist",
			);
			runOnlyForDeploymentPostprocessing = 0;
			shellPath = /bin/sh;
			shellScript = "\"${PODS_ROOT}/Target Support Files/Pods-Breeds/Pods-Breeds-frameworks.sh\"\n";
			showEnvVarsInLog = 0;
		};
		3711A07424D8D7340072A231 /* Swift Lint */ = {
			isa = PBXShellScriptBuildPhase;
			buildActionMask = 2147483647;
			files = (
			);
			inputFileListPaths = (
			);
			inputPaths = (
			);
			name = "Swift Lint";
			outputFileListPaths = (
			);
			outputPaths = (
			);
			runOnlyForDeploymentPostprocessing = 0;
			shellPath = /bin/zsh;
			shellScript = "\"${PODS_ROOT}/SwiftLint/swiftlint\"\n";
		};
		5ECA61E31D76B3796EF026BE /* [CP] Check Pods Manifest.lock */ = {
			isa = PBXShellScriptBuildPhase;
			buildActionMask = 2147483647;
			files = (
			);
			inputFileListPaths = (
			);
			inputPaths = (
				"${PODS_PODFILE_DIR_PATH}/Podfile.lock",
				"${PODS_ROOT}/Manifest.lock",
			);
			name = "[CP] Check Pods Manifest.lock";
			outputFileListPaths = (
			);
			outputPaths = (
				"$(DERIVED_FILE_DIR)/Pods-Breeds-checkManifestLockResult.txt",
			);
			runOnlyForDeploymentPostprocessing = 0;
			shellPath = /bin/sh;
			shellScript = "diff \"${PODS_PODFILE_DIR_PATH}/Podfile.lock\" \"${PODS_ROOT}/Manifest.lock\" > /dev/null\nif [ $? != 0 ] ; then\n    # print error to STDERR\n    echo \"error: The sandbox is not in sync with the Podfile.lock. Run 'pod install' or update your CocoaPods installation.\" >&2\n    exit 1\nfi\n# This output is used by Xcode 'outputs' to avoid re-running this script phase.\necho \"SUCCESS\" > \"${SCRIPT_OUTPUT_FILE_0}\"\n";
			showEnvVarsInLog = 0;
		};
		8505D0FB903AD17C148C5DBB /* [CP] Embed Pods Frameworks */ = {
			isa = PBXShellScriptBuildPhase;
			buildActionMask = 2147483647;
			files = (
			);
			inputFileListPaths = (
				"${PODS_ROOT}/Target Support Files/Pods-BreedsTests/Pods-BreedsTests-frameworks-${CONFIGURATION}-input-files.xcfilelist",
			);
			name = "[CP] Embed Pods Frameworks";
			outputFileListPaths = (
				"${PODS_ROOT}/Target Support Files/Pods-BreedsTests/Pods-BreedsTests-frameworks-${CONFIGURATION}-output-files.xcfilelist",
			);
			runOnlyForDeploymentPostprocessing = 0;
			shellPath = /bin/sh;
			shellScript = "\"${PODS_ROOT}/Target Support Files/Pods-BreedsTests/Pods-BreedsTests-frameworks.sh\"\n";
			showEnvVarsInLog = 0;
		};
		EB13058E41FBEA7F102DEE9A /* [CP] Check Pods Manifest.lock */ = {
			isa = PBXShellScriptBuildPhase;
			buildActionMask = 2147483647;
			files = (
			);
			inputFileListPaths = (
			);
			inputPaths = (
				"${PODS_PODFILE_DIR_PATH}/Podfile.lock",
				"${PODS_ROOT}/Manifest.lock",
			);
			name = "[CP] Check Pods Manifest.lock";
			outputFileListPaths = (
			);
			outputPaths = (
				"$(DERIVED_FILE_DIR)/Pods-BreedsTests-checkManifestLockResult.txt",
			);
			runOnlyForDeploymentPostprocessing = 0;
			shellPath = /bin/sh;
			shellScript = "diff \"${PODS_PODFILE_DIR_PATH}/Podfile.lock\" \"${PODS_ROOT}/Manifest.lock\" > /dev/null\nif [ $? != 0 ] ; then\n    # print error to STDERR\n    echo \"error: The sandbox is not in sync with the Podfile.lock. Run 'pod install' or update your CocoaPods installation.\" >&2\n    exit 1\nfi\n# This output is used by Xcode 'outputs' to avoid re-running this script phase.\necho \"SUCCESS\" > \"${SCRIPT_OUTPUT_FILE_0}\"\n";
			showEnvVarsInLog = 0;
		};
/* End PBXShellScriptBuildPhase section */

/* Begin PBXSourcesBuildPhase section */
		3748871F24D75B52003A2F4C /* Sources */ = {
			isa = PBXSourcesBuildPhase;
			buildActionMask = 2147483647;
			files = (
				3744774F24DB969200D90286 /* Breed.swift in Sources */,
				384B4E342620A2B300D4C5A5 /* ServiceProtocol.swift in Sources */,
				37A84D7524E222620006AF73 /* UINavigationController+CustomAppearence.swift in Sources */,
				373EA9DE24DCC29B00A2F236 /* Image.swift in Sources */,
				37C2308F24E09F0C00D82388 /* UIImage+SetImage.swift in Sources */,
				3748872724D75B52003A2F4C /* AppDelegate.swift in Sources */,
				384B4E26261F895D00D4C5A5 /* BreedDetailLabel.swift in Sources */,
				384B4D70261CFE1300D4C5A5 /* ViewCodable.swift in Sources */,
				37A84D7024E213300006AF73 /* UIColor+Boilerplate.swift in Sources */,
				37A84D6B24E20FE70006AF73 /* Colors.swift in Sources */,
				37C2308824E09A4400D82388 /* BreedsCollectionViewController.swift in Sources */,
				384B4E392620A57000D4C5A5 /* ImageService.swift in Sources */,
				3748872924D75B52003A2F4C /* SceneDelegate.swift in Sources */,
				37FE93A924E8754C0075F99E /* BreedDetailViewController.swift in Sources */,
				37FE93AF24E896180075F99E /* NSMutableAttributedString+Boilerplate.swift in Sources */,
				37FE93A524E873E40075F99E /* BreedDetailView.swift in Sources */,
				384B4D74261D695C00D4C5A5 /* Identifier.swift in Sources */,
				384B4E3D2620D47100D4C5A5 /* NetworkManager.swift in Sources */,
				37C2308C24E09C5600D82388 /* BreedCollectionViewCell.swift in Sources */,
			);
			runOnlyForDeploymentPostprocessing = 0;
		};
		384B4D4B2616616400D4C5A5 /* Sources */ = {
			isa = PBXSourcesBuildPhase;
			buildActionMask = 2147483647;
			files = (
				384B4E0E261E6E7C00D4C5A5 /* Breed+Stub.swift in Sources */,
				384B4E2A261FC59500D4C5A5 /* BreedDetailViewSpec.swift in Sources */,
				384B4D75261D695C00D4C5A5 /* Identifier.swift in Sources */,
				384B4E0A261E674D00D4C5A5 /* Image+Stub.swift in Sources */,
				384B4E12261E736200D4C5A5 /* AssetHelper.swift in Sources */,
				384B4D7A261E0F6C00D4C5A5 /* BreedCollectionViewCellSpec.swift in Sources */,
			);
			runOnlyForDeploymentPostprocessing = 0;
		};
/* End PBXSourcesBuildPhase section */

/* Begin PBXTargetDependency section */
		384B4D552616616400D4C5A5 /* PBXTargetDependency */ = {
			isa = PBXTargetDependency;
			target = 3748872224D75B52003A2F4C /* Breeds */;
			targetProxy = 384B4D542616616400D4C5A5 /* PBXContainerItemProxy */;
		};
/* End PBXTargetDependency section */

/* Begin PBXVariantGroup section */
		3748873124D75B54003A2F4C /* LaunchScreen.storyboard */ = {
			isa = PBXVariantGroup;
			children = (
				3748873224D75B54003A2F4C /* Base */,
			);
			name = LaunchScreen.storyboard;
			sourceTree = "<group>";
		};
/* End PBXVariantGroup section */

/* Begin XCBuildConfiguration section */
		3748874024D75B54003A2F4C /* Debug */ = {
			isa = XCBuildConfiguration;
			buildSettings = {
				ALWAYS_SEARCH_USER_PATHS = NO;
				CLANG_ANALYZER_NONNULL = YES;
				CLANG_ANALYZER_NUMBER_OBJECT_CONVERSION = YES_AGGRESSIVE;
				CLANG_CXX_LANGUAGE_STANDARD = "gnu++14";
				CLANG_CXX_LIBRARY = "libc++";
				CLANG_ENABLE_MODULES = YES;
				CLANG_ENABLE_OBJC_ARC = YES;
				CLANG_ENABLE_OBJC_WEAK = YES;
				CLANG_WARN_BLOCK_CAPTURE_AUTORELEASING = YES;
				CLANG_WARN_BOOL_CONVERSION = YES;
				CLANG_WARN_COMMA = YES;
				CLANG_WARN_CONSTANT_CONVERSION = YES;
				CLANG_WARN_DEPRECATED_OBJC_IMPLEMENTATIONS = YES;
				CLANG_WARN_DIRECT_OBJC_ISA_USAGE = YES_ERROR;
				CLANG_WARN_DOCUMENTATION_COMMENTS = YES;
				CLANG_WARN_EMPTY_BODY = YES;
				CLANG_WARN_ENUM_CONVERSION = YES;
				CLANG_WARN_INFINITE_RECURSION = YES;
				CLANG_WARN_INT_CONVERSION = YES;
				CLANG_WARN_NON_LITERAL_NULL_CONVERSION = YES;
				CLANG_WARN_OBJC_IMPLICIT_RETAIN_SELF = YES;
				CLANG_WARN_OBJC_LITERAL_CONVERSION = YES;
				CLANG_WARN_OBJC_ROOT_CLASS = YES_ERROR;
				CLANG_WARN_RANGE_LOOP_ANALYSIS = YES;
				CLANG_WARN_STRICT_PROTOTYPES = YES;
				CLANG_WARN_SUSPICIOUS_MOVE = YES;
				CLANG_WARN_UNGUARDED_AVAILABILITY = YES_AGGRESSIVE;
				CLANG_WARN_UNREACHABLE_CODE = YES;
				CLANG_WARN__DUPLICATE_METHOD_MATCH = YES;
				COPY_PHASE_STRIP = NO;
				DEBUG_INFORMATION_FORMAT = dwarf;
				ENABLE_STRICT_OBJC_MSGSEND = YES;
				ENABLE_TESTABILITY = YES;
				GCC_C_LANGUAGE_STANDARD = gnu11;
				GCC_DYNAMIC_NO_PIC = NO;
				GCC_NO_COMMON_BLOCKS = YES;
				GCC_OPTIMIZATION_LEVEL = 0;
				GCC_PREPROCESSOR_DEFINITIONS = (
					"DEBUG=1",
					"$(inherited)",
				);
				GCC_WARN_64_TO_32_BIT_CONVERSION = YES;
				GCC_WARN_ABOUT_RETURN_TYPE = YES_ERROR;
				GCC_WARN_UNDECLARED_SELECTOR = YES;
				GCC_WARN_UNINITIALIZED_AUTOS = YES_AGGRESSIVE;
				GCC_WARN_UNUSED_FUNCTION = YES;
				GCC_WARN_UNUSED_VARIABLE = YES;
				IPHONEOS_DEPLOYMENT_TARGET = 13.6;
				MTL_ENABLE_DEBUG_INFO = INCLUDE_SOURCE;
				MTL_FAST_MATH = YES;
				ONLY_ACTIVE_ARCH = YES;
				SDKROOT = iphoneos;
				SWIFT_ACTIVE_COMPILATION_CONDITIONS = DEBUG;
				SWIFT_OPTIMIZATION_LEVEL = "-Onone";
			};
			name = Debug;
		};
		3748874124D75B54003A2F4C /* Release */ = {
			isa = XCBuildConfiguration;
			buildSettings = {
				ALWAYS_SEARCH_USER_PATHS = NO;
				CLANG_ANALYZER_NONNULL = YES;
				CLANG_ANALYZER_NUMBER_OBJECT_CONVERSION = YES_AGGRESSIVE;
				CLANG_CXX_LANGUAGE_STANDARD = "gnu++14";
				CLANG_CXX_LIBRARY = "libc++";
				CLANG_ENABLE_MODULES = YES;
				CLANG_ENABLE_OBJC_ARC = YES;
				CLANG_ENABLE_OBJC_WEAK = YES;
				CLANG_WARN_BLOCK_CAPTURE_AUTORELEASING = YES;
				CLANG_WARN_BOOL_CONVERSION = YES;
				CLANG_WARN_COMMA = YES;
				CLANG_WARN_CONSTANT_CONVERSION = YES;
				CLANG_WARN_DEPRECATED_OBJC_IMPLEMENTATIONS = YES;
				CLANG_WARN_DIRECT_OBJC_ISA_USAGE = YES_ERROR;
				CLANG_WARN_DOCUMENTATION_COMMENTS = YES;
				CLANG_WARN_EMPTY_BODY = YES;
				CLANG_WARN_ENUM_CONVERSION = YES;
				CLANG_WARN_INFINITE_RECURSION = YES;
				CLANG_WARN_INT_CONVERSION = YES;
				CLANG_WARN_NON_LITERAL_NULL_CONVERSION = YES;
				CLANG_WARN_OBJC_IMPLICIT_RETAIN_SELF = YES;
				CLANG_WARN_OBJC_LITERAL_CONVERSION = YES;
				CLANG_WARN_OBJC_ROOT_CLASS = YES_ERROR;
				CLANG_WARN_RANGE_LOOP_ANALYSIS = YES;
				CLANG_WARN_STRICT_PROTOTYPES = YES;
				CLANG_WARN_SUSPICIOUS_MOVE = YES;
				CLANG_WARN_UNGUARDED_AVAILABILITY = YES_AGGRESSIVE;
				CLANG_WARN_UNREACHABLE_CODE = YES;
				CLANG_WARN__DUPLICATE_METHOD_MATCH = YES;
				COPY_PHASE_STRIP = NO;
				DEBUG_INFORMATION_FORMAT = "dwarf-with-dsym";
				ENABLE_NS_ASSERTIONS = NO;
				ENABLE_STRICT_OBJC_MSGSEND = YES;
				GCC_C_LANGUAGE_STANDARD = gnu11;
				GCC_NO_COMMON_BLOCKS = YES;
				GCC_WARN_64_TO_32_BIT_CONVERSION = YES;
				GCC_WARN_ABOUT_RETURN_TYPE = YES_ERROR;
				GCC_WARN_UNDECLARED_SELECTOR = YES;
				GCC_WARN_UNINITIALIZED_AUTOS = YES_AGGRESSIVE;
				GCC_WARN_UNUSED_FUNCTION = YES;
				GCC_WARN_UNUSED_VARIABLE = YES;
				IPHONEOS_DEPLOYMENT_TARGET = 13.6;
				MTL_ENABLE_DEBUG_INFO = NO;
				MTL_FAST_MATH = YES;
				SDKROOT = iphoneos;
				SWIFT_COMPILATION_MODE = wholemodule;
				SWIFT_OPTIMIZATION_LEVEL = "-O";
				VALIDATE_PRODUCT = YES;
			};
			name = Release;
		};
		3748874324D75B54003A2F4C /* Debug */ = {
			isa = XCBuildConfiguration;
			baseConfigurationReference = 59949F29E5B0C817D73C04E0 /* Pods-Breeds.debug.xcconfig */;
			buildSettings = {
				ASSETCATALOG_COMPILER_APPICON_NAME = AppIcon;
				CODE_SIGN_STYLE = Automatic;
				DEVELOPMENT_TEAM = SY2A26LTYQ;
				INFOPLIST_FILE = Breeds/Info.plist;
				LD_RUNPATH_SEARCH_PATHS = (
					"$(inherited)",
					"@executable_path/Frameworks",
				);
				PRODUCT_BUNDLE_IDENTIFIER = br.com.borges.erick.Breeds;
				PRODUCT_NAME = "$(TARGET_NAME)";
				SWIFT_VERSION = 5.0;
				TARGETED_DEVICE_FAMILY = 1;
			};
			name = Debug;
		};
		3748874424D75B54003A2F4C /* Release */ = {
			isa = XCBuildConfiguration;
			baseConfigurationReference = B5FAFF80B90A5F1589D71D7C /* Pods-Breeds.release.xcconfig */;
			buildSettings = {
				ASSETCATALOG_COMPILER_APPICON_NAME = AppIcon;
				CODE_SIGN_STYLE = Automatic;
				DEVELOPMENT_TEAM = HJ3JBWEJT5;
				INFOPLIST_FILE = Breeds/Info.plist;
				LD_RUNPATH_SEARCH_PATHS = (
					"$(inherited)",
					"@executable_path/Frameworks",
				);
				PRODUCT_BUNDLE_IDENTIFIER = br.com.borges.erick.Breeds;
				PRODUCT_NAME = "$(TARGET_NAME)";
				SWIFT_VERSION = 5.0;
				TARGETED_DEVICE_FAMILY = 1;
			};
			name = Release;
		};
		384B4D562616616400D4C5A5 /* Debug */ = {
			isa = XCBuildConfiguration;
			baseConfigurationReference = 0A533B598E3E91E2149C6EA3 /* Pods-BreedsTests.debug.xcconfig */;
			buildSettings = {
				BUNDLE_LOADER = "$(TEST_HOST)";
				CLANG_WARN_QUOTED_INCLUDE_IN_FRAMEWORK_HEADER = YES;
				CODE_SIGN_STYLE = Automatic;
				INFOPLIST_FILE = BreedsTests/Info.plist;
				IPHONEOS_DEPLOYMENT_TARGET = 14.4;
				LD_RUNPATH_SEARCH_PATHS = (
					"$(inherited)",
					"@executable_path/Frameworks",
					"@loader_path/Frameworks",
				);
				PRODUCT_BUNDLE_IDENTIFIER = Concrete.BreedsTests;
				PRODUCT_NAME = "$(TARGET_NAME)";
				SWIFT_VERSION = 5.0;
				TARGETED_DEVICE_FAMILY = "1,2";
				TEST_HOST = "$(BUILT_PRODUCTS_DIR)/Breeds.app/Breeds";
			};
			name = Debug;
		};
		384B4D572616616400D4C5A5 /* Release */ = {
			isa = XCBuildConfiguration;
			baseConfigurationReference = 5B8B12FDF73FB65182CCEBFA /* Pods-BreedsTests.release.xcconfig */;
			buildSettings = {
				BUNDLE_LOADER = "$(TEST_HOST)";
				CLANG_WARN_QUOTED_INCLUDE_IN_FRAMEWORK_HEADER = YES;
				CODE_SIGN_STYLE = Automatic;
				INFOPLIST_FILE = BreedsTests/Info.plist;
				IPHONEOS_DEPLOYMENT_TARGET = 14.4;
				LD_RUNPATH_SEARCH_PATHS = (
					"$(inherited)",
					"@executable_path/Frameworks",
					"@loader_path/Frameworks",
				);
				PRODUCT_BUNDLE_IDENTIFIER = Concrete.BreedsTests;
				PRODUCT_NAME = "$(TARGET_NAME)";
				SWIFT_VERSION = 5.0;
				TARGETED_DEVICE_FAMILY = "1,2";
				TEST_HOST = "$(BUILT_PRODUCTS_DIR)/Breeds.app/Breeds";
			};
			name = Release;
		};
/* End XCBuildConfiguration section */

/* Begin XCConfigurationList section */
		3748871E24D75B52003A2F4C /* Build configuration list for PBXProject "Breeds" */ = {
			isa = XCConfigurationList;
			buildConfigurations = (
				3748874024D75B54003A2F4C /* Debug */,
				3748874124D75B54003A2F4C /* Release */,
			);
			defaultConfigurationIsVisible = 0;
			defaultConfigurationName = Release;
		};
		3748874224D75B54003A2F4C /* Build configuration list for PBXNativeTarget "Breeds" */ = {
			isa = XCConfigurationList;
			buildConfigurations = (
				3748874324D75B54003A2F4C /* Debug */,
				3748874424D75B54003A2F4C /* Release */,
			);
			defaultConfigurationIsVisible = 0;
			defaultConfigurationName = Release;
		};
		384B4D582616616400D4C5A5 /* Build configuration list for PBXNativeTarget "BreedsTests" */ = {
			isa = XCConfigurationList;
			buildConfigurations = (
				384B4D562616616400D4C5A5 /* Debug */,
				384B4D572616616400D4C5A5 /* Release */,
			);
			defaultConfigurationIsVisible = 0;
			defaultConfigurationName = Release;
		};
/* End XCConfigurationList section */
	};
	rootObject = 3748871B24D75B52003A2F4C /* Project object */;
}
